
Microsoft Visual Studio Solution File, Format Version 12.00
# Visual Studio Version 17
VisualStudioVersion = 17.8.34330.188
MinimumVisualStudioVersion = 10.0.40219.1
Project("{8BC9CEB8-8B4A-11D0-8D11-00A0C91BC942}") = "Project1", "Project1\Project1.vcxproj", "{BE01AEBC-1A5A-4CD9-A308-59117B0B0FC1}"
EndProject
Project("{8BC9CEB8-8B4A-11D0-8D11-00A0C91BC942}") = "BricksGame", "BricksGame\BricksGame.vcxproj", "{87243B61-FA3F-45D8-8903-8A05D38B9026}"
EndProject
Global
	GlobalSection(SolutionConfigurationPlatforms) = preSolution
		Debug|x64 = Debug|x64
		Debug|x86 = Debug|x86
		Release|x64 = Release|x64
		Release|x86 = Release|x86
	EndGlobalSection
	GlobalSection(ProjectConfigurationPlatforms) = postSolution
		{BE01AEBC-1A5A-4CD9-A308-59117B0B0FC1}.Debug|x64.ActiveCfg = Debug|x64
		{BE01AEBC-1A5A-4CD9-A308-59117B0B0FC1}.Debug|x64.Build.0 = Debug|x64
		{BE01AEBC-1A5A-4CD9-A308-59117B0B0FC1}.Debug|x86.ActiveCfg = Debug|Win32
		{BE01AEBC-1A5A-4CD9-A308-59117B0B0FC1}.Debug|x86.Build.0 = Debug|Win32
		{BE01AEBC-1A5A-4CD9-A308-59117B0B0FC1}.Release|x64.ActiveCfg = Release|x64
		{BE01AEBC-1A5A-4CD9-A308-59117B0B0FC1}.Release|x64.Build.0 = Release|x64
		{BE01AEBC-1A5A-4CD9-A308-59117B0B0FC1}.Release|x86.ActiveCfg = Release|Win32
		{BE01AEBC-1A5A-4CD9-A308-59117B0B0FC1}.Release|x86.Build.0 = Release|Win32
		{87243B61-FA3F-45D8-8903-8A05D38B9026}.Debug|x64.ActiveCfg = Debug|x64
		{87243B61-FA3F-45D8-8903-8A05D38B9026}.Debug|x64.Build.0 = Debug|x64
		{87243B61-FA3F-45D8-8903-8A05D38B9026}.Debug|x86.ActiveCfg = Debug|Win32
		{87243B61-FA3F-45D8-8903-8A05D38B9026}.Debug|x86.Build.0 = Debug|Win32
		{87243B61-FA3F-45D8-8903-8A05D38B9026}.Release|x64.ActiveCfg = Release|x64
		{87243B61-FA3F-45D8-8903-8A05D38B9026}.Release|x64.Build.0 = Release|x64
		{87243B61-FA3F-45D8-8903-8A05D38B9026}.Release|x86.ActiveCfg = Release|Win32
		{87243B61-FA3F-45D8-8903-8A05D38B9026}.Release|x86.Build.0 = Release|Win32
	EndGlobalSection
	GlobalSection(SolutionProperties) = preSolution
		HideSolutionNode = FALSE
	EndGlobalSection
	GlobalSection(ExtensibilityGlobals) = postSolution
		SolutionGuid = {CD3DACCF-72C1-4A4C-BB54-AEB06C5A9AE3}
	EndGlobalSection
EndGlobal
